
Microsoft Visual Studio Solution File, Format Version 12.00
Project("{FAE04EC0-301F-11D3-BF4B-00C04F79EFBC}") = "Chilla-WebApi", "Chilla-WebApi\Chilla-WebApi.csproj", "{599834B7-5C48-4C29-AABB-887DA5DB24C9}"
EndProject
Global
	GlobalSection(SolutionConfigurationPlatforms) = preSolution
		Debug|Any CPU = Debug|Any CPU
		Release|Any CPU = Release|Any CPU
	EndGlobalSection
	GlobalSection(ProjectConfigurationPlatforms) = postSolution
		{599834B7-5C48-4C29-AABB-887DA5DB24C9}.Debug|Any CPU.ActiveCfg = Debug|Any CPU
		{599834B7-5C48-4C29-AABB-887DA5DB24C9}.Debug|Any CPU.Build.0 = Debug|Any CPU
		{599834B7-5C48-4C29-AABB-887DA5DB24C9}.Release|Any CPU.ActiveCfg = Release|Any CPU
		{599834B7-5C48-4C29-AABB-887DA5DB24C9}.Release|Any CPU.Build.0 = Release|Any CPU
	EndGlobalSection
EndGlobal
